
Microsoft Visual Studio Solution File, Format Version 12.00
# Visual Studio Version 16
VisualStudioVersion = 16.0.30626.31
MinimumVisualStudioVersion = 10.0.40219.1
Project("{2150E333-8FDC-42A3-9474-1A3956D46DE8}") = "src", "src", "{30D3FAD4-9E50-4E70-B5A2-41DFCECA0DD0}"
EndProject
Project("{2150E333-8FDC-42A3-9474-1A3956D46DE8}") = "tests", "tests", "{E11FF996-531D-4B37-AE3E-A292322CD294}"
EndProject
Project("{2150E333-8FDC-42A3-9474-1A3956D46DE8}") = "Server", "Server", "{A5FBB37C-4182-4F34-96E3-3D0BFB7E98A4}"
EndProject
Project("{2150E333-8FDC-42A3-9474-1A3956D46DE8}") = "Client", "Client", "{6D83B5A1-B65D-478B-9707-81C9BC696F59}"
EndProject
Project("{2150E333-8FDC-42A3-9474-1A3956D46DE8}") = "Desktop", "Desktop", "{C725A4B4-73AA-4C79-9E25-5D700537AE53}"
EndProject
Project("{2150E333-8FDC-42A3-9474-1A3956D46DE8}") = "Mobile", "Mobile", "{13E37662-5992-482C-938E-A40E017806F7}"
EndProject
Project("{2150E333-8FDC-42A3-9474-1A3956D46DE8}") = "WPF", "WPF", "{5458E0B9-DAE3-4A8E-BE49-241909AE5ECD}"
EndProject
Project("{2150E333-8FDC-42A3-9474-1A3956D46DE8}") = "UWP", "UWP", "{A03E5E60-99AB-4D81-9626-4B302C3A77B1}"
EndProject
Project("{FAE04EC0-301F-11D3-BF4B-00C04F79EFBC}") = "ServerManager.WPF", "ServerManager.WPF\ServerManager.WPF.csproj", "{18A0DD9E-0D58-42D8-87A6-236201D08C19}"
EndProject
Project("{FAE04EC0-301F-11D3-BF4B-00C04F79EFBC}") = "ServerManager.UWP", "ServerManager.UWP\ServerManager.UWP.csproj", "{3A3B99F4-09C9-4468-8887-65322B809213}"
EndProject
Project("{FAE04EC0-301F-11D3-BF4B-00C04F79EFBC}") = "ServerManager.Mobile.Android", "ServerManager.Mobile\ServerManager.Mobile.Android\ServerManager.Mobile.Android.csproj", "{FFE587B4-3F6E-4E9A-8F4E-04B191B930B9}"
EndProject
Project("{FAE04EC0-301F-11D3-BF4B-00C04F79EFBC}") = "ServerManager.Mobile.iOS", "ServerManager.Mobile\ServerManager.Mobile.iOS\ServerManager.Mobile.iOS.csproj", "{BDEEF4D9-BCEB-4A12-9DA3-58C85E7BB3A3}"
EndProject
Project("{FAE04EC0-301F-11D3-BF4B-00C04F79EFBC}") = "ServerManager.Mobile", "ServerManager.Mobile\ServerManager.Mobile\ServerManager.Mobile.csproj", "{0C888179-5151-4AA1-ABFD-9E69113AC8E2}"
EndProject
Project("{FAE04EC0-301F-11D3-BF4B-00C04F79EFBC}") = "ServerManager.Server", "ServerManager.Server\ServerManager.Server.csproj", "{C1B0204C-6FC2-47C7-B518-194421FCDB5D}"
EndProject
Project("{2150E333-8FDC-42A3-9474-1A3956D46DE8}") = "Services", "Services", "{0125ADEB-3374-4D86-A3AF-F7BF5A4E0019}"
EndProject
Project("{2150E333-8FDC-42A3-9474-1A3956D46DE8}") = "Services", "Services", "{DF9221F4-5D9A-4DA7-9128-583461332DD4}"
EndProject
Project("{FAE04EC0-301F-11D3-BF4B-00C04F79EFBC}") = "Services.Server", "Services.Server\Services.Server.csproj", "{BEB66CE2-F2FB-42FC-A6D7-683044046C50}"
EndProject
Project("{FAE04EC0-301F-11D3-BF4B-00C04F79EFBC}") = "Services.Shared", "Services.Shared\Services.Shared.csproj", "{16D1FF97-F726-4025-9FC4-DE12AD460D72}"
EndProject
Global
	GlobalSection(SolutionConfigurationPlatforms) = preSolution
		Debug|Any CPU = Debug|Any CPU
		Debug|ARM = Debug|ARM
		Debug|ARM64 = Debug|ARM64
		Debug|iPhone = Debug|iPhone
		Debug|iPhoneSimulator = Debug|iPhoneSimulator
		Debug|x64 = Debug|x64
		Debug|x86 = Debug|x86
		Release|Any CPU = Release|Any CPU
		Release|ARM = Release|ARM
		Release|ARM64 = Release|ARM64
		Release|iPhone = Release|iPhone
		Release|iPhoneSimulator = Release|iPhoneSimulator
		Release|x64 = Release|x64
		Release|x86 = Release|x86
	EndGlobalSection
	GlobalSection(ProjectConfigurationPlatforms) = postSolution
		{18A0DD9E-0D58-42D8-87A6-236201D08C19}.Debug|Any CPU.ActiveCfg = Debug|Any CPU
		{18A0DD9E-0D58-42D8-87A6-236201D08C19}.Debug|Any CPU.Build.0 = Debug|Any CPU
		{18A0DD9E-0D58-42D8-87A6-236201D08C19}.Debug|ARM.ActiveCfg = Debug|Any CPU
		{18A0DD9E-0D58-42D8-87A6-236201D08C19}.Debug|ARM.Build.0 = Debug|Any CPU
		{18A0DD9E-0D58-42D8-87A6-236201D08C19}.Debug|ARM64.ActiveCfg = Debug|Any CPU
		{18A0DD9E-0D58-42D8-87A6-236201D08C19}.Debug|ARM64.Build.0 = Debug|Any CPU
		{18A0DD9E-0D58-42D8-87A6-236201D08C19}.Debug|iPhone.ActiveCfg = Debug|Any CPU
		{18A0DD9E-0D58-42D8-87A6-236201D08C19}.Debug|iPhone.Build.0 = Debug|Any CPU
		{18A0DD9E-0D58-42D8-87A6-236201D08C19}.Debug|iPhoneSimulator.ActiveCfg = Debug|Any CPU
		{18A0DD9E-0D58-42D8-87A6-236201D08C19}.Debug|iPhoneSimulator.Build.0 = Debug|Any CPU
		{18A0DD9E-0D58-42D8-87A6-236201D08C19}.Debug|x64.ActiveCfg = Debug|Any CPU
		{18A0DD9E-0D58-42D8-87A6-236201D08C19}.Debug|x64.Build.0 = Debug|Any CPU
		{18A0DD9E-0D58-42D8-87A6-236201D08C19}.Debug|x86.ActiveCfg = Debug|Any CPU
		{18A0DD9E-0D58-42D8-87A6-236201D08C19}.Debug|x86.Build.0 = Debug|Any CPU
		{18A0DD9E-0D58-42D8-87A6-236201D08C19}.Release|Any CPU.ActiveCfg = Release|Any CPU
		{18A0DD9E-0D58-42D8-87A6-236201D08C19}.Release|Any CPU.Build.0 = Release|Any CPU
		{18A0DD9E-0D58-42D8-87A6-236201D08C19}.Release|ARM.ActiveCfg = Release|Any CPU
		{18A0DD9E-0D58-42D8-87A6-236201D08C19}.Release|ARM.Build.0 = Release|Any CPU
		{18A0DD9E-0D58-42D8-87A6-236201D08C19}.Release|ARM64.ActiveCfg = Release|Any CPU
		{18A0DD9E-0D58-42D8-87A6-236201D08C19}.Release|ARM64.Build.0 = Release|Any CPU
		{18A0DD9E-0D58-42D8-87A6-236201D08C19}.Release|iPhone.ActiveCfg = Release|Any CPU
		{18A0DD9E-0D58-42D8-87A6-236201D08C19}.Release|iPhone.Build.0 = Release|Any CPU
		{18A0DD9E-0D58-42D8-87A6-236201D08C19}.Release|iPhoneSimulator.ActiveCfg = Release|Any CPU
		{18A0DD9E-0D58-42D8-87A6-236201D08C19}.Release|iPhoneSimulator.Build.0 = Release|Any CPU
		{18A0DD9E-0D58-42D8-87A6-236201D08C19}.Release|x64.ActiveCfg = Release|Any CPU
		{18A0DD9E-0D58-42D8-87A6-236201D08C19}.Release|x64.Build.0 = Release|Any CPU
		{18A0DD9E-0D58-42D8-87A6-236201D08C19}.Release|x86.ActiveCfg = Release|Any CPU
		{18A0DD9E-0D58-42D8-87A6-236201D08C19}.Release|x86.Build.0 = Release|Any CPU
		{3A3B99F4-09C9-4468-8887-65322B809213}.Debug|Any CPU.ActiveCfg = Debug|x86
		{3A3B99F4-09C9-4468-8887-65322B809213}.Debug|ARM.ActiveCfg = Debug|ARM
		{3A3B99F4-09C9-4468-8887-65322B809213}.Debug|ARM.Build.0 = Debug|ARM
		{3A3B99F4-09C9-4468-8887-65322B809213}.Debug|ARM.Deploy.0 = Debug|ARM
		{3A3B99F4-09C9-4468-8887-65322B809213}.Debug|ARM64.ActiveCfg = Debug|ARM64
		{3A3B99F4-09C9-4468-8887-65322B809213}.Debug|ARM64.Build.0 = Debug|ARM64
		{3A3B99F4-09C9-4468-8887-65322B809213}.Debug|ARM64.Deploy.0 = Debug|ARM64
		{3A3B99F4-09C9-4468-8887-65322B809213}.Debug|iPhone.ActiveCfg = Debug|x86
		{3A3B99F4-09C9-4468-8887-65322B809213}.Debug|iPhoneSimulator.ActiveCfg = Debug|x86
		{3A3B99F4-09C9-4468-8887-65322B809213}.Debug|x64.ActiveCfg = Debug|x64
		{3A3B99F4-09C9-4468-8887-65322B809213}.Debug|x64.Build.0 = Debug|x64
		{3A3B99F4-09C9-4468-8887-65322B809213}.Debug|x64.Deploy.0 = Debug|x64
		{3A3B99F4-09C9-4468-8887-65322B809213}.Debug|x86.ActiveCfg = Debug|x86
		{3A3B99F4-09C9-4468-8887-65322B809213}.Debug|x86.Build.0 = Debug|x86
		{3A3B99F4-09C9-4468-8887-65322B809213}.Debug|x86.Deploy.0 = Debug|x86
		{3A3B99F4-09C9-4468-8887-65322B809213}.Release|Any CPU.ActiveCfg = Release|x86
		{3A3B99F4-09C9-4468-8887-65322B809213}.Release|ARM.ActiveCfg = Release|ARM
		{3A3B99F4-09C9-4468-8887-65322B809213}.Release|ARM.Build.0 = Release|ARM
		{3A3B99F4-09C9-4468-8887-65322B809213}.Release|ARM.Deploy.0 = Release|ARM
		{3A3B99F4-09C9-4468-8887-65322B809213}.Release|ARM64.ActiveCfg = Release|ARM64
		{3A3B99F4-09C9-4468-8887-65322B809213}.Release|ARM64.Build.0 = Release|ARM64
		{3A3B99F4-09C9-4468-8887-65322B809213}.Release|ARM64.Deploy.0 = Release|ARM64
		{3A3B99F4-09C9-4468-8887-65322B809213}.Release|iPhone.ActiveCfg = Release|x86
		{3A3B99F4-09C9-4468-8887-65322B809213}.Release|iPhoneSimulator.ActiveCfg = Release|x86
		{3A3B99F4-09C9-4468-8887-65322B809213}.Release|x64.ActiveCfg = Release|x64
		{3A3B99F4-09C9-4468-8887-65322B809213}.Release|x64.Build.0 = Release|x64
		{3A3B99F4-09C9-4468-8887-65322B809213}.Release|x64.Deploy.0 = Release|x64
		{3A3B99F4-09C9-4468-8887-65322B809213}.Release|x86.ActiveCfg = Release|x86
		{3A3B99F4-09C9-4468-8887-65322B809213}.Release|x86.Build.0 = Release|x86
		{3A3B99F4-09C9-4468-8887-65322B809213}.Release|x86.Deploy.0 = Release|x86
		{FFE587B4-3F6E-4E9A-8F4E-04B191B930B9}.Debug|Any CPU.ActiveCfg = Debug|Any CPU
		{FFE587B4-3F6E-4E9A-8F4E-04B191B930B9}.Debug|Any CPU.Build.0 = Debug|Any CPU
		{FFE587B4-3F6E-4E9A-8F4E-04B191B930B9}.Debug|Any CPU.Deploy.0 = Debug|Any CPU
		{FFE587B4-3F6E-4E9A-8F4E-04B191B930B9}.Debug|ARM.ActiveCfg = Debug|Any CPU
		{FFE587B4-3F6E-4E9A-8F4E-04B191B930B9}.Debug|ARM.Build.0 = Debug|Any CPU
		{FFE587B4-3F6E-4E9A-8F4E-04B191B930B9}.Debug|ARM.Deploy.0 = Debug|Any CPU
		{FFE587B4-3F6E-4E9A-8F4E-04B191B930B9}.Debug|ARM64.ActiveCfg = Debug|Any CPU
		{FFE587B4-3F6E-4E9A-8F4E-04B191B930B9}.Debug|ARM64.Build.0 = Debug|Any CPU
		{FFE587B4-3F6E-4E9A-8F4E-04B191B930B9}.Debug|ARM64.Deploy.0 = Debug|Any CPU
		{FFE587B4-3F6E-4E9A-8F4E-04B191B930B9}.Debug|iPhone.ActiveCfg = Debug|Any CPU
		{FFE587B4-3F6E-4E9A-8F4E-04B191B930B9}.Debug|iPhone.Build.0 = Debug|Any CPU
		{FFE587B4-3F6E-4E9A-8F4E-04B191B930B9}.Debug|iPhone.Deploy.0 = Debug|Any CPU
		{FFE587B4-3F6E-4E9A-8F4E-04B191B930B9}.Debug|iPhoneSimulator.ActiveCfg = Debug|Any CPU
		{FFE587B4-3F6E-4E9A-8F4E-04B191B930B9}.Debug|iPhoneSimulator.Build.0 = Debug|Any CPU
		{FFE587B4-3F6E-4E9A-8F4E-04B191B930B9}.Debug|iPhoneSimulator.Deploy.0 = Debug|Any CPU
		{FFE587B4-3F6E-4E9A-8F4E-04B191B930B9}.Debug|x64.ActiveCfg = Debug|Any CPU
		{FFE587B4-3F6E-4E9A-8F4E-04B191B930B9}.Debug|x64.Build.0 = Debug|Any CPU
		{FFE587B4-3F6E-4E9A-8F4E-04B191B930B9}.Debug|x64.Deploy.0 = Debug|Any CPU
		{FFE587B4-3F6E-4E9A-8F4E-04B191B930B9}.Debug|x86.ActiveCfg = Debug|Any CPU
		{FFE587B4-3F6E-4E9A-8F4E-04B191B930B9}.Debug|x86.Build.0 = Debug|Any CPU
		{FFE587B4-3F6E-4E9A-8F4E-04B191B930B9}.Debug|x86.Deploy.0 = Debug|Any CPU
		{FFE587B4-3F6E-4E9A-8F4E-04B191B930B9}.Release|Any CPU.ActiveCfg = Release|Any CPU
		{FFE587B4-3F6E-4E9A-8F4E-04B191B930B9}.Release|Any CPU.Build.0 = Release|Any CPU
		{FFE587B4-3F6E-4E9A-8F4E-04B191B930B9}.Release|Any CPU.Deploy.0 = Release|Any CPU
		{FFE587B4-3F6E-4E9A-8F4E-04B191B930B9}.Release|ARM.ActiveCfg = Release|Any CPU
		{FFE587B4-3F6E-4E9A-8F4E-04B191B930B9}.Release|ARM.Build.0 = Release|Any CPU
		{FFE587B4-3F6E-4E9A-8F4E-04B191B930B9}.Release|ARM.Deploy.0 = Release|Any CPU
		{FFE587B4-3F6E-4E9A-8F4E-04B191B930B9}.Release|ARM64.ActiveCfg = Release|Any CPU
		{FFE587B4-3F6E-4E9A-8F4E-04B191B930B9}.Release|ARM64.Build.0 = Release|Any CPU
		{FFE587B4-3F6E-4E9A-8F4E-04B191B930B9}.Release|ARM64.Deploy.0 = Release|Any CPU
		{FFE587B4-3F6E-4E9A-8F4E-04B191B930B9}.Release|iPhone.ActiveCfg = Release|Any CPU
		{FFE587B4-3F6E-4E9A-8F4E-04B191B930B9}.Release|iPhone.Build.0 = Release|Any CPU
		{FFE587B4-3F6E-4E9A-8F4E-04B191B930B9}.Release|iPhone.Deploy.0 = Release|Any CPU
		{FFE587B4-3F6E-4E9A-8F4E-04B191B930B9}.Release|iPhoneSimulator.ActiveCfg = Release|Any CPU
		{FFE587B4-3F6E-4E9A-8F4E-04B191B930B9}.Release|iPhoneSimulator.Build.0 = Release|Any CPU
		{FFE587B4-3F6E-4E9A-8F4E-04B191B930B9}.Release|iPhoneSimulator.Deploy.0 = Release|Any CPU
		{FFE587B4-3F6E-4E9A-8F4E-04B191B930B9}.Release|x64.ActiveCfg = Release|Any CPU
		{FFE587B4-3F6E-4E9A-8F4E-04B191B930B9}.Release|x64.Build.0 = Release|Any CPU
		{FFE587B4-3F6E-4E9A-8F4E-04B191B930B9}.Release|x64.Deploy.0 = Release|Any CPU
		{FFE587B4-3F6E-4E9A-8F4E-04B191B930B9}.Release|x86.ActiveCfg = Release|Any CPU
		{FFE587B4-3F6E-4E9A-8F4E-04B191B930B9}.Release|x86.Build.0 = Release|Any CPU
		{FFE587B4-3F6E-4E9A-8F4E-04B191B930B9}.Release|x86.Deploy.0 = Release|Any CPU
		{BDEEF4D9-BCEB-4A12-9DA3-58C85E7BB3A3}.Debug|Any CPU.ActiveCfg = Debug|iPhoneSimulator
		{BDEEF4D9-BCEB-4A12-9DA3-58C85E7BB3A3}.Debug|ARM.ActiveCfg = Debug|iPhoneSimulator
		{BDEEF4D9-BCEB-4A12-9DA3-58C85E7BB3A3}.Debug|ARM64.ActiveCfg = Debug|iPhoneSimulator
		{BDEEF4D9-BCEB-4A12-9DA3-58C85E7BB3A3}.Debug|iPhone.ActiveCfg = Debug|iPhone
		{BDEEF4D9-BCEB-4A12-9DA3-58C85E7BB3A3}.Debug|iPhone.Build.0 = Debug|iPhone
		{BDEEF4D9-BCEB-4A12-9DA3-58C85E7BB3A3}.Debug|iPhoneSimulator.ActiveCfg = Debug|iPhoneSimulator
		{BDEEF4D9-BCEB-4A12-9DA3-58C85E7BB3A3}.Debug|iPhoneSimulator.Build.0 = Debug|iPhoneSimulator
		{BDEEF4D9-BCEB-4A12-9DA3-58C85E7BB3A3}.Debug|x64.ActiveCfg = Debug|iPhoneSimulator
		{BDEEF4D9-BCEB-4A12-9DA3-58C85E7BB3A3}.Debug|x86.ActiveCfg = Debug|iPhoneSimulator
		{BDEEF4D9-BCEB-4A12-9DA3-58C85E7BB3A3}.Release|Any CPU.ActiveCfg = Release|iPhoneSimulator
		{BDEEF4D9-BCEB-4A12-9DA3-58C85E7BB3A3}.Release|ARM.ActiveCfg = Release|iPhoneSimulator
		{BDEEF4D9-BCEB-4A12-9DA3-58C85E7BB3A3}.Release|ARM64.ActiveCfg = Release|iPhoneSimulator
		{BDEEF4D9-BCEB-4A12-9DA3-58C85E7BB3A3}.Release|iPhone.ActiveCfg = Release|iPhone
		{BDEEF4D9-BCEB-4A12-9DA3-58C85E7BB3A3}.Release|iPhone.Build.0 = Release|iPhone
		{BDEEF4D9-BCEB-4A12-9DA3-58C85E7BB3A3}.Release|iPhoneSimulator.ActiveCfg = Release|iPhoneSimulator
		{BDEEF4D9-BCEB-4A12-9DA3-58C85E7BB3A3}.Release|iPhoneSimulator.Build.0 = Release|iPhoneSimulator
		{BDEEF4D9-BCEB-4A12-9DA3-58C85E7BB3A3}.Release|x64.ActiveCfg = Release|iPhoneSimulator
		{BDEEF4D9-BCEB-4A12-9DA3-58C85E7BB3A3}.Release|x86.ActiveCfg = Release|iPhoneSimulator
		{0C888179-5151-4AA1-ABFD-9E69113AC8E2}.Debug|Any CPU.ActiveCfg = Debug|Any CPU
		{0C888179-5151-4AA1-ABFD-9E69113AC8E2}.Debug|Any CPU.Build.0 = Debug|Any CPU
		{0C888179-5151-4AA1-ABFD-9E69113AC8E2}.Debug|ARM.ActiveCfg = Debug|Any CPU
		{0C888179-5151-4AA1-ABFD-9E69113AC8E2}.Debug|ARM.Build.0 = Debug|Any CPU
		{0C888179-5151-4AA1-ABFD-9E69113AC8E2}.Debug|ARM64.ActiveCfg = Debug|Any CPU
		{0C888179-5151-4AA1-ABFD-9E69113AC8E2}.Debug|ARM64.Build.0 = Debug|Any CPU
		{0C888179-5151-4AA1-ABFD-9E69113AC8E2}.Debug|iPhone.ActiveCfg = Debug|Any CPU
		{0C888179-5151-4AA1-ABFD-9E69113AC8E2}.Debug|iPhone.Build.0 = Debug|Any CPU
		{0C888179-5151-4AA1-ABFD-9E69113AC8E2}.Debug|iPhoneSimulator.ActiveCfg = Debug|Any CPU
		{0C888179-5151-4AA1-ABFD-9E69113AC8E2}.Debug|iPhoneSimulator.Build.0 = Debug|Any CPU
		{0C888179-5151-4AA1-ABFD-9E69113AC8E2}.Debug|x64.ActiveCfg = Debug|Any CPU
		{0C888179-5151-4AA1-ABFD-9E69113AC8E2}.Debug|x64.Build.0 = Debug|Any CPU
		{0C888179-5151-4AA1-ABFD-9E69113AC8E2}.Debug|x86.ActiveCfg = Debug|Any CPU
		{0C888179-5151-4AA1-ABFD-9E69113AC8E2}.Debug|x86.Build.0 = Debug|Any CPU
		{0C888179-5151-4AA1-ABFD-9E69113AC8E2}.Release|Any CPU.ActiveCfg = Release|Any CPU
		{0C888179-5151-4AA1-ABFD-9E69113AC8E2}.Release|Any CPU.Build.0 = Release|Any CPU
		{0C888179-5151-4AA1-ABFD-9E69113AC8E2}.Release|ARM.ActiveCfg = Release|Any CPU
		{0C888179-5151-4AA1-ABFD-9E69113AC8E2}.Release|ARM.Build.0 = Release|Any CPU
		{0C888179-5151-4AA1-ABFD-9E69113AC8E2}.Release|ARM64.ActiveCfg = Release|Any CPU
		{0C888179-5151-4AA1-ABFD-9E69113AC8E2}.Release|ARM64.Build.0 = Release|Any CPU
		{0C888179-5151-4AA1-ABFD-9E69113AC8E2}.Release|iPhone.ActiveCfg = Release|Any CPU
		{0C888179-5151-4AA1-ABFD-9E69113AC8E2}.Release|iPhone.Build.0 = Release|Any CPU
		{0C888179-5151-4AA1-ABFD-9E69113AC8E2}.Release|iPhoneSimulator.ActiveCfg = Release|Any CPU
		{0C888179-5151-4AA1-ABFD-9E69113AC8E2}.Release|iPhoneSimulator.Build.0 = Release|Any CPU
		{0C888179-5151-4AA1-ABFD-9E69113AC8E2}.Release|x64.ActiveCfg = Release|Any CPU
		{0C888179-5151-4AA1-ABFD-9E69113AC8E2}.Release|x64.Build.0 = Release|Any CPU
		{0C888179-5151-4AA1-ABFD-9E69113AC8E2}.Release|x86.ActiveCfg = Release|Any CPU
		{0C888179-5151-4AA1-ABFD-9E69113AC8E2}.Release|x86.Build.0 = Release|Any CPU
		{C1B0204C-6FC2-47C7-B518-194421FCDB5D}.Debug|Any CPU.ActiveCfg = Debug|Any CPU
		{C1B0204C-6FC2-47C7-B518-194421FCDB5D}.Debug|Any CPU.Build.0 = Debug|Any CPU
		{C1B0204C-6FC2-47C7-B518-194421FCDB5D}.Debug|ARM.ActiveCfg = Debug|Any CPU
		{C1B0204C-6FC2-47C7-B518-194421FCDB5D}.Debug|ARM.Build.0 = Debug|Any CPU
		{C1B0204C-6FC2-47C7-B518-194421FCDB5D}.Debug|ARM64.ActiveCfg = Debug|Any CPU
		{C1B0204C-6FC2-47C7-B518-194421FCDB5D}.Debug|ARM64.Build.0 = Debug|Any CPU
		{C1B0204C-6FC2-47C7-B518-194421FCDB5D}.Debug|iPhone.ActiveCfg = Debug|Any CPU
		{C1B0204C-6FC2-47C7-B518-194421FCDB5D}.Debug|iPhone.Build.0 = Debug|Any CPU
		{C1B0204C-6FC2-47C7-B518-194421FCDB5D}.Debug|iPhoneSimulator.ActiveCfg = Debug|Any CPU
		{C1B0204C-6FC2-47C7-B518-194421FCDB5D}.Debug|iPhoneSimulator.Build.0 = Debug|Any CPU
		{C1B0204C-6FC2-47C7-B518-194421FCDB5D}.Debug|x64.ActiveCfg = Debug|Any CPU
		{C1B0204C-6FC2-47C7-B518-194421FCDB5D}.Debug|x64.Build.0 = Debug|Any CPU
		{C1B0204C-6FC2-47C7-B518-194421FCDB5D}.Debug|x86.ActiveCfg = Debug|Any CPU
		{C1B0204C-6FC2-47C7-B518-194421FCDB5D}.Debug|x86.Build.0 = Debug|Any CPU
		{C1B0204C-6FC2-47C7-B518-194421FCDB5D}.Release|Any CPU.ActiveCfg = Release|Any CPU
		{C1B0204C-6FC2-47C7-B518-194421FCDB5D}.Release|Any CPU.Build.0 = Release|Any CPU
		{C1B0204C-6FC2-47C7-B518-194421FCDB5D}.Release|ARM.ActiveCfg = Release|Any CPU
		{C1B0204C-6FC2-47C7-B518-194421FCDB5D}.Release|ARM.Build.0 = Release|Any CPU
		{C1B0204C-6FC2-47C7-B518-194421FCDB5D}.Release|ARM64.ActiveCfg = Release|Any CPU
		{C1B0204C-6FC2-47C7-B518-194421FCDB5D}.Release|ARM64.Build.0 = Release|Any CPU
		{C1B0204C-6FC2-47C7-B518-194421FCDB5D}.Release|iPhone.ActiveCfg = Release|Any CPU
		{C1B0204C-6FC2-47C7-B518-194421FCDB5D}.Release|iPhone.Build.0 = Release|Any CPU
		{C1B0204C-6FC2-47C7-B518-194421FCDB5D}.Release|iPhoneSimulator.ActiveCfg = Release|Any CPU
		{C1B0204C-6FC2-47C7-B518-194421FCDB5D}.Release|iPhoneSimulator.Build.0 = Release|Any CPU
		{C1B0204C-6FC2-47C7-B518-194421FCDB5D}.Release|x64.ActiveCfg = Release|Any CPU
		{C1B0204C-6FC2-47C7-B518-194421FCDB5D}.Release|x64.Build.0 = Release|Any CPU
		{C1B0204C-6FC2-47C7-B518-194421FCDB5D}.Release|x86.ActiveCfg = Release|Any CPU
		{C1B0204C-6FC2-47C7-B518-194421FCDB5D}.Release|x86.Build.0 = Release|Any CPU
		{BEB66CE2-F2FB-42FC-A6D7-683044046C50}.Debug|Any CPU.ActiveCfg = Debug|Any CPU
		{BEB66CE2-F2FB-42FC-A6D7-683044046C50}.Debug|Any CPU.Build.0 = Debug|Any CPU
		{BEB66CE2-F2FB-42FC-A6D7-683044046C50}.Debug|ARM.ActiveCfg = Debug|Any CPU
		{BEB66CE2-F2FB-42FC-A6D7-683044046C50}.Debug|ARM.Build.0 = Debug|Any CPU
		{BEB66CE2-F2FB-42FC-A6D7-683044046C50}.Debug|ARM64.ActiveCfg = Debug|Any CPU
		{BEB66CE2-F2FB-42FC-A6D7-683044046C50}.Debug|ARM64.Build.0 = Debug|Any CPU
		{BEB66CE2-F2FB-42FC-A6D7-683044046C50}.Debug|iPhone.ActiveCfg = Debug|Any CPU
		{BEB66CE2-F2FB-42FC-A6D7-683044046C50}.Debug|iPhone.Build.0 = Debug|Any CPU
		{BEB66CE2-F2FB-42FC-A6D7-683044046C50}.Debug|iPhoneSimulator.ActiveCfg = Debug|Any CPU
		{BEB66CE2-F2FB-42FC-A6D7-683044046C50}.Debug|iPhoneSimulator.Build.0 = Debug|Any CPU
		{BEB66CE2-F2FB-42FC-A6D7-683044046C50}.Debug|x64.ActiveCfg = Debug|Any CPU
		{BEB66CE2-F2FB-42FC-A6D7-683044046C50}.Debug|x64.Build.0 = Debug|Any CPU
		{BEB66CE2-F2FB-42FC-A6D7-683044046C50}.Debug|x86.ActiveCfg = Debug|Any CPU
		{BEB66CE2-F2FB-42FC-A6D7-683044046C50}.Debug|x86.Build.0 = Debug|Any CPU
		{BEB66CE2-F2FB-42FC-A6D7-683044046C50}.Release|Any CPU.ActiveCfg = Release|Any CPU
		{BEB66CE2-F2FB-42FC-A6D7-683044046C50}.Release|Any CPU.Build.0 = Release|Any CPU
		{BEB66CE2-F2FB-42FC-A6D7-683044046C50}.Release|ARM.ActiveCfg = Release|Any CPU
		{BEB66CE2-F2FB-42FC-A6D7-683044046C50}.Release|ARM.Build.0 = Release|Any CPU
		{BEB66CE2-F2FB-42FC-A6D7-683044046C50}.Release|ARM64.ActiveCfg = Release|Any CPU
		{BEB66CE2-F2FB-42FC-A6D7-683044046C50}.Release|ARM64.Build.0 = Release|Any CPU
		{BEB66CE2-F2FB-42FC-A6D7-683044046C50}.Release|iPhone.ActiveCfg = Release|Any CPU
		{BEB66CE2-F2FB-42FC-A6D7-683044046C50}.Release|iPhone.Build.0 = Release|Any CPU
		{BEB66CE2-F2FB-42FC-A6D7-683044046C50}.Release|iPhoneSimulator.ActiveCfg = Release|Any CPU
		{BEB66CE2-F2FB-42FC-A6D7-683044046C50}.Release|iPhoneSimulator.Build.0 = Release|Any CPU
		{BEB66CE2-F2FB-42FC-A6D7-683044046C50}.Release|x64.ActiveCfg = Release|Any CPU
		{BEB66CE2-F2FB-42FC-A6D7-683044046C50}.Release|x64.Build.0 = Release|Any CPU
		{BEB66CE2-F2FB-42FC-A6D7-683044046C50}.Release|x86.ActiveCfg = Release|Any CPU
		{BEB66CE2-F2FB-42FC-A6D7-683044046C50}.Release|x86.Build.0 = Release|Any CPU
		{16D1FF97-F726-4025-9FC4-DE12AD460D72}.Debug|Any CPU.ActiveCfg = Debug|Any CPU
		{16D1FF97-F726-4025-9FC4-DE12AD460D72}.Debug|Any CPU.Build.0 = Debug|Any CPU
		{16D1FF97-F726-4025-9FC4-DE12AD460D72}.Debug|ARM.ActiveCfg = Debug|Any CPU
		{16D1FF97-F726-4025-9FC4-DE12AD460D72}.Debug|ARM.Build.0 = Debug|Any CPU
		{16D1FF97-F726-4025-9FC4-DE12AD460D72}.Debug|ARM64.ActiveCfg = Debug|Any CPU
		{16D1FF97-F726-4025-9FC4-DE12AD460D72}.Debug|ARM64.Build.0 = Debug|Any CPU
		{16D1FF97-F726-4025-9FC4-DE12AD460D72}.Debug|iPhone.ActiveCfg = Debug|Any CPU
		{16D1FF97-F726-4025-9FC4-DE12AD460D72}.Debug|iPhone.Build.0 = Debug|Any CPU
		{16D1FF97-F726-4025-9FC4-DE12AD460D72}.Debug|iPhoneSimulator.ActiveCfg = Debug|Any CPU
		{16D1FF97-F726-4025-9FC4-DE12AD460D72}.Debug|iPhoneSimulator.Build.0 = Debug|Any CPU
		{16D1FF97-F726-4025-9FC4-DE12AD460D72}.Debug|x64.ActiveCfg = Debug|Any CPU
		{16D1FF97-F726-4025-9FC4-DE12AD460D72}.Debug|x64.Build.0 = Debug|Any CPU
		{16D1FF97-F726-4025-9FC4-DE12AD460D72}.Debug|x86.ActiveCfg = Debug|Any CPU
		{16D1FF97-F726-4025-9FC4-DE12AD460D72}.Debug|x86.Build.0 = Debug|Any CPU
		{16D1FF97-F726-4025-9FC4-DE12AD460D72}.Release|Any CPU.ActiveCfg = Release|Any CPU
		{16D1FF97-F726-4025-9FC4-DE12AD460D72}.Release|Any CPU.Build.0 = Release|Any CPU
		{16D1FF97-F726-4025-9FC4-DE12AD460D72}.Release|ARM.ActiveCfg = Release|Any CPU
		{16D1FF97-F726-4025-9FC4-DE12AD460D72}.Release|ARM.Build.0 = Release|Any CPU
		{16D1FF97-F726-4025-9FC4-DE12AD460D72}.Release|ARM64.ActiveCfg = Release|Any CPU
		{16D1FF97-F726-4025-9FC4-DE12AD460D72}.Release|ARM64.Build.0 = Release|Any CPU
		{16D1FF97-F726-4025-9FC4-DE12AD460D72}.Release|iPhone.ActiveCfg = Release|Any CPU
		{16D1FF97-F726-4025-9FC4-DE12AD460D72}.Release|iPhone.Build.0 = Release|Any CPU
		{16D1FF97-F726-4025-9FC4-DE12AD460D72}.Release|iPhoneSimulator.ActiveCfg = Release|Any CPU
		{16D1FF97-F726-4025-9FC4-DE12AD460D72}.Release|iPhoneSimulator.Build.0 = Release|Any CPU
		{16D1FF97-F726-4025-9FC4-DE12AD460D72}.Release|x64.ActiveCfg = Release|Any CPU
		{16D1FF97-F726-4025-9FC4-DE12AD460D72}.Release|x64.Build.0 = Release|Any CPU
		{16D1FF97-F726-4025-9FC4-DE12AD460D72}.Release|x86.ActiveCfg = Release|Any CPU
		{16D1FF97-F726-4025-9FC4-DE12AD460D72}.Release|x86.Build.0 = Release|Any CPU
	EndGlobalSection
	GlobalSection(SolutionProperties) = preSolution
		HideSolutionNode = FALSE
	EndGlobalSection
	GlobalSection(NestedProjects) = preSolution
		{A5FBB37C-4182-4F34-96E3-3D0BFB7E98A4} = {30D3FAD4-9E50-4E70-B5A2-41DFCECA0DD0}
		{6D83B5A1-B65D-478B-9707-81C9BC696F59} = {30D3FAD4-9E50-4E70-B5A2-41DFCECA0DD0}
		{C725A4B4-73AA-4C79-9E25-5D700537AE53} = {6D83B5A1-B65D-478B-9707-81C9BC696F59}
		{13E37662-5992-482C-938E-A40E017806F7} = {6D83B5A1-B65D-478B-9707-81C9BC696F59}
		{5458E0B9-DAE3-4A8E-BE49-241909AE5ECD} = {C725A4B4-73AA-4C79-9E25-5D700537AE53}
		{A03E5E60-99AB-4D81-9626-4B302C3A77B1} = {C725A4B4-73AA-4C79-9E25-5D700537AE53}
		{18A0DD9E-0D58-42D8-87A6-236201D08C19} = {5458E0B9-DAE3-4A8E-BE49-241909AE5ECD}
		{3A3B99F4-09C9-4468-8887-65322B809213} = {A03E5E60-99AB-4D81-9626-4B302C3A77B1}
		{FFE587B4-3F6E-4E9A-8F4E-04B191B930B9} = {13E37662-5992-482C-938E-A40E017806F7}
		{BDEEF4D9-BCEB-4A12-9DA3-58C85E7BB3A3} = {13E37662-5992-482C-938E-A40E017806F7}
		{0C888179-5151-4AA1-ABFD-9E69113AC8E2} = {13E37662-5992-482C-938E-A40E017806F7}
		{C1B0204C-6FC2-47C7-B518-194421FCDB5D} = {A5FBB37C-4182-4F34-96E3-3D0BFB7E98A4}
		{0125ADEB-3374-4D86-A3AF-F7BF5A4E0019} = {C725A4B4-73AA-4C79-9E25-5D700537AE53}
		{DF9221F4-5D9A-4DA7-9128-583461332DD4} = {A5FBB37C-4182-4F34-96E3-3D0BFB7E98A4}
		{BEB66CE2-F2FB-42FC-A6D7-683044046C50} = {DF9221F4-5D9A-4DA7-9128-583461332DD4}
		{16D1FF97-F726-4025-9FC4-DE12AD460D72} = {0125ADEB-3374-4D86-A3AF-F7BF5A4E0019}
	EndGlobalSection
	GlobalSection(ExtensibilityGlobals) = postSolution
		SolutionGuid = {603865DF-4827-42AB-AEA4-CE333277ED61}
	EndGlobalSection
EndGlobal
